
Microsoft Visual Studio Solution File, Format Version 12.00
# Visual Studio 15
VisualStudioVersion = 15.0.28307.1000
MinimumVisualStudioVersion = 10.0.40219.1
Project("{FAE04EC0-301F-11D3-BF4B-00C04F79EFBC}") = "BiArcTutorial", "BiArcTutorial.csproj", "{B1C1ED8D-A3F7-4E4E-8F2A-2AD96241D57B}"
EndProject
Global
	GlobalSection(SolutionConfigurationPlatforms) = preSolution
		Debug|Any CPU = Debug|Any CPU
		Release|Any CPU = Release|Any CPU
	EndGlobalSection
	GlobalSection(ProjectConfigurationPlatforms) = postSolution
		{B1C1ED8D-A3F7-4E4E-8F2A-2AD96241D57B}.Debug|Any CPU.ActiveCfg = Debug|Any CPU
		{B1C1ED8D-A3F7-4E4E-8F2A-2AD96241D57B}.Debug|Any CPU.Build.0 = Debug|Any CPU
		{B1C1ED8D-A3F7-4E4E-8F2A-2AD96241D57B}.Release|Any CPU.ActiveCfg = Release|Any CPU
		{B1C1ED8D-A3F7-4E4E-8F2A-2AD96241D57B}.Release|Any CPU.Build.0 = Release|Any CPU
	EndGlobalSection
	GlobalSection(SolutionProperties) = preSolution
		HideSolutionNode = FALSE
	EndGlobalSection
	GlobalSection(ExtensibilityGlobals) = postSolution
		SolutionGuid = {7581A547-15FB-46C6-B07A-5B9161FEBBE1}
	EndGlobalSection
EndGlobal
